
Microsoft Visual Studio Solution File, Format Version 12.00
# Visual Studio Version 16
VisualStudioVersion = 16.0.29020.237
MinimumVisualStudioVersion = 10.0.40219.1
Project("{FAE04EC0-301F-11D3-BF4B-00C04F79EFBC}") = "solution.2", "solution.2\solution.2.csproj", "{22C18D28-67F0-4599-8CD6-496A3D15A200}"
EndProject
Global
	GlobalSection(SolutionConfigurationPlatforms) = preSolution
		Debug|Any CPU = Debug|Any CPU
		Release|Any CPU = Release|Any CPU
	EndGlobalSection
	GlobalSection(ProjectConfigurationPlatforms) = postSolution
		{22C18D28-67F0-4599-8CD6-496A3D15A200}.Debug|Any CPU.ActiveCfg = Debug|Any CPU
		{22C18D28-67F0-4599-8CD6-496A3D15A200}.Debug|Any CPU.Build.0 = Debug|Any CPU
		{22C18D28-67F0-4599-8CD6-496A3D15A200}.Release|Any CPU.ActiveCfg = Release|Any CPU
		{22C18D28-67F0-4599-8CD6-496A3D15A200}.Release|Any CPU.Build.0 = Release|Any CPU
	EndGlobalSection
	GlobalSection(SolutionProperties) = preSolution
		HideSolutionNode = FALSE
	EndGlobalSection
	GlobalSection(ExtensibilityGlobals) = postSolution
		SolutionGuid = {15B01D74-AC75-44AE-B4C7-09B10F9EDBE9}
	EndGlobalSection
EndGlobal
